
Microsoft Visual Studio Solution File, Format Version 12.00
# Visual Studio 15
VisualStudioVersion = 15.0.26124.0
MinimumVisualStudioVersion = 15.0.26124.0
Project("{F2A71F9B-5D33-465A-A702-920D77279786}") = "DES", "DES\DES.fsproj", "{D2B4A835-803F-4337-9E7F-A7E9F2DADC2D}"
EndProject
Project("{F2A71F9B-5D33-465A-A702-920D77279786}") = "Kerberos.Domain", "Kerberos.Domain\Kerberos.Domain.fsproj", "{14F4D1E5-110F-4318-A724-3600D53EFE4B}"
EndProject
Project("{F2A71F9B-5D33-465A-A702-920D77279786}") = "Kerberos.Shared", "Kerberos.Shared\Kerberos.Shared.fsproj", "{4F5A5E96-EE00-40DD-9096-5178081D0A6E}"
EndProject
Project("{F2A71F9B-5D33-465A-A702-920D77279786}") = "Kerberos.Client", "Kerberos.Client\Kerberos.Client.fsproj", "{1652C198-4885-48EF-9719-5AECE205F2C9}"
EndProject
Project("{F2A71F9B-5D33-465A-A702-920D77279786}") = "Kerberos.Server", "Kerberos.Server\Kerberos.Server.fsproj", "{C0D815AD-B413-476D-9BBB-59352A5FDB23}"
EndProject
Project("{F2A71F9B-5D33-465A-A702-920D77279786}") = "Playground", "Playground\Playground.fsproj", "{C09BE34C-08B9-4541-8B28-5B66AB562668}"
EndProject
Global
	GlobalSection(SolutionConfigurationPlatforms) = preSolution
		Debug|Any CPU = Debug|Any CPU
		Debug|x64 = Debug|x64
		Debug|x86 = Debug|x86
		Release|Any CPU = Release|Any CPU
		Release|x64 = Release|x64
		Release|x86 = Release|x86
	EndGlobalSection
	GlobalSection(SolutionProperties) = preSolution
		HideSolutionNode = FALSE
	EndGlobalSection
	GlobalSection(ProjectConfigurationPlatforms) = postSolution
		{D2B4A835-803F-4337-9E7F-A7E9F2DADC2D}.Debug|Any CPU.ActiveCfg = Debug|Any CPU
		{D2B4A835-803F-4337-9E7F-A7E9F2DADC2D}.Debug|Any CPU.Build.0 = Debug|Any CPU
		{D2B4A835-803F-4337-9E7F-A7E9F2DADC2D}.Debug|x64.ActiveCfg = Debug|Any CPU
		{D2B4A835-803F-4337-9E7F-A7E9F2DADC2D}.Debug|x64.Build.0 = Debug|Any CPU
		{D2B4A835-803F-4337-9E7F-A7E9F2DADC2D}.Debug|x86.ActiveCfg = Debug|Any CPU
		{D2B4A835-803F-4337-9E7F-A7E9F2DADC2D}.Debug|x86.Build.0 = Debug|Any CPU
		{D2B4A835-803F-4337-9E7F-A7E9F2DADC2D}.Release|Any CPU.ActiveCfg = Release|Any CPU
		{D2B4A835-803F-4337-9E7F-A7E9F2DADC2D}.Release|Any CPU.Build.0 = Release|Any CPU
		{D2B4A835-803F-4337-9E7F-A7E9F2DADC2D}.Release|x64.ActiveCfg = Release|Any CPU
		{D2B4A835-803F-4337-9E7F-A7E9F2DADC2D}.Release|x64.Build.0 = Release|Any CPU
		{D2B4A835-803F-4337-9E7F-A7E9F2DADC2D}.Release|x86.ActiveCfg = Release|Any CPU
		{D2B4A835-803F-4337-9E7F-A7E9F2DADC2D}.Release|x86.Build.0 = Release|Any CPU
		{14F4D1E5-110F-4318-A724-3600D53EFE4B}.Debug|Any CPU.ActiveCfg = Debug|Any CPU
		{14F4D1E5-110F-4318-A724-3600D53EFE4B}.Debug|Any CPU.Build.0 = Debug|Any CPU
		{14F4D1E5-110F-4318-A724-3600D53EFE4B}.Debug|x64.ActiveCfg = Debug|Any CPU
		{14F4D1E5-110F-4318-A724-3600D53EFE4B}.Debug|x64.Build.0 = Debug|Any CPU
		{14F4D1E5-110F-4318-A724-3600D53EFE4B}.Debug|x86.ActiveCfg = Debug|Any CPU
		{14F4D1E5-110F-4318-A724-3600D53EFE4B}.Debug|x86.Build.0 = Debug|Any CPU
		{14F4D1E5-110F-4318-A724-3600D53EFE4B}.Release|Any CPU.ActiveCfg = Release|Any CPU
		{14F4D1E5-110F-4318-A724-3600D53EFE4B}.Release|Any CPU.Build.0 = Release|Any CPU
		{14F4D1E5-110F-4318-A724-3600D53EFE4B}.Release|x64.ActiveCfg = Release|Any CPU
		{14F4D1E5-110F-4318-A724-3600D53EFE4B}.Release|x64.Build.0 = Release|Any CPU
		{14F4D1E5-110F-4318-A724-3600D53EFE4B}.Release|x86.ActiveCfg = Release|Any CPU
		{14F4D1E5-110F-4318-A724-3600D53EFE4B}.Release|x86.Build.0 = Release|Any CPU
		{4F5A5E96-EE00-40DD-9096-5178081D0A6E}.Debug|Any CPU.ActiveCfg = Debug|Any CPU
		{4F5A5E96-EE00-40DD-9096-5178081D0A6E}.Debug|Any CPU.Build.0 = Debug|Any CPU
		{4F5A5E96-EE00-40DD-9096-5178081D0A6E}.Debug|x64.ActiveCfg = Debug|Any CPU
		{4F5A5E96-EE00-40DD-9096-5178081D0A6E}.Debug|x64.Build.0 = Debug|Any CPU
		{4F5A5E96-EE00-40DD-9096-5178081D0A6E}.Debug|x86.ActiveCfg = Debug|Any CPU
		{4F5A5E96-EE00-40DD-9096-5178081D0A6E}.Debug|x86.Build.0 = Debug|Any CPU
		{4F5A5E96-EE00-40DD-9096-5178081D0A6E}.Release|Any CPU.ActiveCfg = Release|Any CPU
		{4F5A5E96-EE00-40DD-9096-5178081D0A6E}.Release|Any CPU.Build.0 = Release|Any CPU
		{4F5A5E96-EE00-40DD-9096-5178081D0A6E}.Release|x64.ActiveCfg = Release|Any CPU
		{4F5A5E96-EE00-40DD-9096-5178081D0A6E}.Release|x64.Build.0 = Release|Any CPU
		{4F5A5E96-EE00-40DD-9096-5178081D0A6E}.Release|x86.ActiveCfg = Release|Any CPU
		{4F5A5E96-EE00-40DD-9096-5178081D0A6E}.Release|x86.Build.0 = Release|Any CPU
		{1652C198-4885-48EF-9719-5AECE205F2C9}.Debug|Any CPU.ActiveCfg = Debug|Any CPU
		{1652C198-4885-48EF-9719-5AECE205F2C9}.Debug|Any CPU.Build.0 = Debug|Any CPU
		{1652C198-4885-48EF-9719-5AECE205F2C9}.Debug|x64.ActiveCfg = Debug|Any CPU
		{1652C198-4885-48EF-9719-5AECE205F2C9}.Debug|x64.Build.0 = Debug|Any CPU
		{1652C198-4885-48EF-9719-5AECE205F2C9}.Debug|x86.ActiveCfg = Debug|Any CPU
		{1652C198-4885-48EF-9719-5AECE205F2C9}.Debug|x86.Build.0 = Debug|Any CPU
		{1652C198-4885-48EF-9719-5AECE205F2C9}.Release|Any CPU.ActiveCfg = Release|Any CPU
		{1652C198-4885-48EF-9719-5AECE205F2C9}.Release|Any CPU.Build.0 = Release|Any CPU
		{1652C198-4885-48EF-9719-5AECE205F2C9}.Release|x64.ActiveCfg = Release|Any CPU
		{1652C198-4885-48EF-9719-5AECE205F2C9}.Release|x64.Build.0 = Release|Any CPU
		{1652C198-4885-48EF-9719-5AECE205F2C9}.Release|x86.ActiveCfg = Release|Any CPU
		{1652C198-4885-48EF-9719-5AECE205F2C9}.Release|x86.Build.0 = Release|Any CPU
		{C0D815AD-B413-476D-9BBB-59352A5FDB23}.Debug|Any CPU.ActiveCfg = Debug|Any CPU
		{C0D815AD-B413-476D-9BBB-59352A5FDB23}.Debug|Any CPU.Build.0 = Debug|Any CPU
		{C0D815AD-B413-476D-9BBB-59352A5FDB23}.Debug|x64.ActiveCfg = Debug|Any CPU
		{C0D815AD-B413-476D-9BBB-59352A5FDB23}.Debug|x64.Build.0 = Debug|Any CPU
		{C0D815AD-B413-476D-9BBB-59352A5FDB23}.Debug|x86.ActiveCfg = Debug|Any CPU
		{C0D815AD-B413-476D-9BBB-59352A5FDB23}.Debug|x86.Build.0 = Debug|Any CPU
		{C0D815AD-B413-476D-9BBB-59352A5FDB23}.Release|Any CPU.ActiveCfg = Release|Any CPU
		{C0D815AD-B413-476D-9BBB-59352A5FDB23}.Release|Any CPU.Build.0 = Release|Any CPU
		{C0D815AD-B413-476D-9BBB-59352A5FDB23}.Release|x64.ActiveCfg = Release|Any CPU
		{C0D815AD-B413-476D-9BBB-59352A5FDB23}.Release|x64.Build.0 = Release|Any CPU
		{C0D815AD-B413-476D-9BBB-59352A5FDB23}.Release|x86.ActiveCfg = Release|Any CPU
		{C0D815AD-B413-476D-9BBB-59352A5FDB23}.Release|x86.Build.0 = Release|Any CPU
		{C09BE34C-08B9-4541-8B28-5B66AB562668}.Debug|Any CPU.ActiveCfg = Debug|Any CPU
		{C09BE34C-08B9-4541-8B28-5B66AB562668}.Debug|Any CPU.Build.0 = Debug|Any CPU
		{C09BE34C-08B9-4541-8B28-5B66AB562668}.Debug|x64.ActiveCfg = Debug|Any CPU
		{C09BE34C-08B9-4541-8B28-5B66AB562668}.Debug|x64.Build.0 = Debug|Any CPU
		{C09BE34C-08B9-4541-8B28-5B66AB562668}.Debug|x86.ActiveCfg = Debug|Any CPU
		{C09BE34C-08B9-4541-8B28-5B66AB562668}.Debug|x86.Build.0 = Debug|Any CPU
		{C09BE34C-08B9-4541-8B28-5B66AB562668}.Release|Any CPU.ActiveCfg = Release|Any CPU
		{C09BE34C-08B9-4541-8B28-5B66AB562668}.Release|Any CPU.Build.0 = Release|Any CPU
		{C09BE34C-08B9-4541-8B28-5B66AB562668}.Release|x64.ActiveCfg = Release|Any CPU
		{C09BE34C-08B9-4541-8B28-5B66AB562668}.Release|x64.Build.0 = Release|Any CPU
		{C09BE34C-08B9-4541-8B28-5B66AB562668}.Release|x86.ActiveCfg = Release|Any CPU
		{C09BE34C-08B9-4541-8B28-5B66AB562668}.Release|x86.Build.0 = Release|Any CPU
	EndGlobalSection
EndGlobal
